
Microsoft Visual Studio Solution File, Format Version 12.00
# Visual Studio Version 17
VisualStudioVersion = 17.8.34511.84
MinimumVisualStudioVersion = 10.0.40219.1
Project("{FAE04EC0-301F-11D3-BF4B-00C04F79EFBC}") = "CapaConexion", "CapaConexion\CapaConexion.csproj", "{990A819D-285B-447B-A130-2A09CFD4CE7E}"
EndProject
Global
	GlobalSection(SolutionConfigurationPlatforms) = preSolution
		Debug|Any CPU = Debug|Any CPU
		Release|Any CPU = Release|Any CPU
	EndGlobalSection
	GlobalSection(ProjectConfigurationPlatforms) = postSolution
		{990A819D-285B-447B-A130-2A09CFD4CE7E}.Debug|Any CPU.ActiveCfg = Debug|Any CPU
		{990A819D-285B-447B-A130-2A09CFD4CE7E}.Debug|Any CPU.Build.0 = Debug|Any CPU
		{990A819D-285B-447B-A130-2A09CFD4CE7E}.Release|Any CPU.ActiveCfg = Release|Any CPU
		{990A819D-285B-447B-A130-2A09CFD4CE7E}.Release|Any CPU.Build.0 = Release|Any CPU
	EndGlobalSection
	GlobalSection(SolutionProperties) = preSolution
		HideSolutionNode = FALSE
	EndGlobalSection
	GlobalSection(ExtensibilityGlobals) = postSolution
		SolutionGuid = {2296D1E2-8792-4ED6-9C7C-A47B3BB8A021}
	EndGlobalSection
EndGlobal
